
Microsoft Visual Studio Solution File, Format Version 12.00
# Visual Studio Version 16
VisualStudioVersion = 16.0.31410.357
MinimumVisualStudioVersion = 10.0.40219.1
Project("{FAE04EC0-301F-11D3-BF4B-00C04F79EFBC}") = "EFCoreServices", "EFCoreServices.csproj", "{728DE115-DC7D-4288-8F30-8C8A7A98F937}"
EndProject
Global
	GlobalSection(SolutionConfigurationPlatforms) = preSolution
		Debug|Any CPU = Debug|Any CPU
		Release|Any CPU = Release|Any CPU
	EndGlobalSection
	GlobalSection(ProjectConfigurationPlatforms) = postSolution
		{728DE115-DC7D-4288-8F30-8C8A7A98F937}.Debug|Any CPU.ActiveCfg = Debug|Any CPU
		{728DE115-DC7D-4288-8F30-8C8A7A98F937}.Debug|Any CPU.Build.0 = Debug|Any CPU
		{728DE115-DC7D-4288-8F30-8C8A7A98F937}.Release|Any CPU.ActiveCfg = Release|Any CPU
		{728DE115-DC7D-4288-8F30-8C8A7A98F937}.Release|Any CPU.Build.0 = Release|Any CPU
	EndGlobalSection
	GlobalSection(SolutionProperties) = preSolution
		HideSolutionNode = FALSE
	EndGlobalSection
	GlobalSection(ExtensibilityGlobals) = postSolution
		SolutionGuid = {336D9A89-3B93-43A0-A907-A7F80FE75E53}
	EndGlobalSection
EndGlobal
